
Microsoft Visual Studio Solution File, Format Version 12.00
# Visual Studio 14
VisualStudioVersion = 14.0.23107.0
MinimumVisualStudioVersion = 10.0.40219.1
Project("{FAE04EC0-301F-11D3-BF4B-00C04F79EFBC}") = "SharePoint-Add-in-REST-SearchAPIs", "SharePoint-Add-in-REST-SearchAPIs\SharePoint-Add-in-REST-SearchAPIs.csproj", "{BA6954C3-D806-4929-961D-D4091A251776}"
EndProject
Global
	GlobalSection(SolutionConfigurationPlatforms) = preSolution
		Debug|Any CPU = Debug|Any CPU
		Release|Any CPU = Release|Any CPU
	EndGlobalSection
	GlobalSection(ProjectConfigurationPlatforms) = postSolution
		{BA6954C3-D806-4929-961D-D4091A251776}.Debug|Any CPU.ActiveCfg = Debug|Any CPU
		{BA6954C3-D806-4929-961D-D4091A251776}.Debug|Any CPU.Build.0 = Debug|Any CPU
		{BA6954C3-D806-4929-961D-D4091A251776}.Debug|Any CPU.Deploy.0 = Debug|Any CPU
		{BA6954C3-D806-4929-961D-D4091A251776}.Release|Any CPU.ActiveCfg = Release|Any CPU
		{BA6954C3-D806-4929-961D-D4091A251776}.Release|Any CPU.Build.0 = Release|Any CPU
		{BA6954C3-D806-4929-961D-D4091A251776}.Release|Any CPU.Deploy.0 = Release|Any CPU
	EndGlobalSection
	GlobalSection(SolutionProperties) = preSolution
		HideSolutionNode = FALSE
	EndGlobalSection
EndGlobal
